
Microsoft Visual Studio Solution File, Format Version 12.00
# Visual Studio Version 17
VisualStudioVersion = 17.4.33213.308
MinimumVisualStudioVersion = 10.0.40219.1
Project("{FAE04EC0-301F-11D3-BF4B-00C04F79EFBC}") = "api.timetracking", "api.timetracking\api.timetracking.csproj", "{8F5C2D12-E9D2-41F8-8F1D-34261B3B77E1}"
EndProject
Project("{FAE04EC0-301F-11D3-BF4B-00C04F79EFBC}") = "api.timetracking.data", "api.timetracking.data\api.timetracking.data.csproj", "{C04F8DB5-3AC0-40AB-8383-CC33AB3E8C88}"
EndProject
Project("{FAE04EC0-301F-11D3-BF4B-00C04F79EFBC}") = "api.timetracking.models", "api.timetracking.models\api.timetracking.models.csproj", "{B463A6AD-EF47-4DBE-90DB-F20486DD19F8}"
EndProject
Global
	GlobalSection(SolutionConfigurationPlatforms) = preSolution
		Debug|Any CPU = Debug|Any CPU
		Release|Any CPU = Release|Any CPU
	EndGlobalSection
	GlobalSection(ProjectConfigurationPlatforms) = postSolution
		{8F5C2D12-E9D2-41F8-8F1D-34261B3B77E1}.Debug|Any CPU.ActiveCfg = Debug|Any CPU
		{8F5C2D12-E9D2-41F8-8F1D-34261B3B77E1}.Debug|Any CPU.Build.0 = Debug|Any CPU
		{8F5C2D12-E9D2-41F8-8F1D-34261B3B77E1}.Release|Any CPU.ActiveCfg = Release|Any CPU
		{8F5C2D12-E9D2-41F8-8F1D-34261B3B77E1}.Release|Any CPU.Build.0 = Release|Any CPU
		{C04F8DB5-3AC0-40AB-8383-CC33AB3E8C88}.Debug|Any CPU.ActiveCfg = Debug|Any CPU
		{C04F8DB5-3AC0-40AB-8383-CC33AB3E8C88}.Debug|Any CPU.Build.0 = Debug|Any CPU
		{C04F8DB5-3AC0-40AB-8383-CC33AB3E8C88}.Release|Any CPU.ActiveCfg = Release|Any CPU
		{C04F8DB5-3AC0-40AB-8383-CC33AB3E8C88}.Release|Any CPU.Build.0 = Release|Any CPU
		{B463A6AD-EF47-4DBE-90DB-F20486DD19F8}.Debug|Any CPU.ActiveCfg = Debug|Any CPU
		{B463A6AD-EF47-4DBE-90DB-F20486DD19F8}.Debug|Any CPU.Build.0 = Debug|Any CPU
		{B463A6AD-EF47-4DBE-90DB-F20486DD19F8}.Release|Any CPU.ActiveCfg = Release|Any CPU
		{B463A6AD-EF47-4DBE-90DB-F20486DD19F8}.Release|Any CPU.Build.0 = Release|Any CPU
	EndGlobalSection
	GlobalSection(SolutionProperties) = preSolution
		HideSolutionNode = FALSE
	EndGlobalSection
	GlobalSection(ExtensibilityGlobals) = postSolution
		SolutionGuid = {F3FBF42A-08AF-4F3E-9ED1-B3E5776BBD50}
	EndGlobalSection
EndGlobal
